
Microsoft Visual Studio Solution File, Format Version 12.00
# Visual Studio 15
VisualStudioVersion = 15.0.27703.2042
MinimumVisualStudioVersion = 10.0.40219.1
Project("{FAE04EC0-301F-11D3-BF4B-00C04F79EFBC}") = "RobotRover", "RobotRover\RobotRover.csproj", "{3B71ACD5-E007-4FDF-ACF2-26B09DAF50DC}"
EndProject
Project("{FAE04EC0-301F-11D3-BF4B-00C04F79EFBC}") = "RobotRover.Test", "RobotRover.Test\RobotRover.Test.csproj", "{661AA6DA-69E0-4747-B42D-726597D3DE9D}"
EndProject
Global
	GlobalSection(SolutionConfigurationPlatforms) = preSolution
		Debug|Any CPU = Debug|Any CPU
		Release|Any CPU = Release|Any CPU
	EndGlobalSection
	GlobalSection(ProjectConfigurationPlatforms) = postSolution
		{3B71ACD5-E007-4FDF-ACF2-26B09DAF50DC}.Debug|Any CPU.ActiveCfg = Debug|Any CPU
		{3B71ACD5-E007-4FDF-ACF2-26B09DAF50DC}.Debug|Any CPU.Build.0 = Debug|Any CPU
		{3B71ACD5-E007-4FDF-ACF2-26B09DAF50DC}.Release|Any CPU.ActiveCfg = Release|Any CPU
		{3B71ACD5-E007-4FDF-ACF2-26B09DAF50DC}.Release|Any CPU.Build.0 = Release|Any CPU
		{661AA6DA-69E0-4747-B42D-726597D3DE9D}.Debug|Any CPU.ActiveCfg = Debug|Any CPU
		{661AA6DA-69E0-4747-B42D-726597D3DE9D}.Debug|Any CPU.Build.0 = Debug|Any CPU
		{661AA6DA-69E0-4747-B42D-726597D3DE9D}.Release|Any CPU.ActiveCfg = Release|Any CPU
		{661AA6DA-69E0-4747-B42D-726597D3DE9D}.Release|Any CPU.Build.0 = Release|Any CPU
	EndGlobalSection
	GlobalSection(SolutionProperties) = preSolution
		HideSolutionNode = FALSE
	EndGlobalSection
	GlobalSection(ExtensibilityGlobals) = postSolution
		SolutionGuid = {839EF607-BBDF-4300-B124-8949ED0BAB5B}
	EndGlobalSection
EndGlobal
